
Microsoft Visual Studio Solution File, Format Version 12.00
# Visual Studio Version 17
VisualStudioVersion = 17.5.002.0
MinimumVisualStudioVersion = 10.0.40219.1
Project("{9A19103F-16F7-4668-BE54-9A1E7A4F7556}") = "proj", "proj\proj.csproj", "{995B8A07-730E-42F7-A3C4-A15C8FA27896}"
EndProject
Project("{FAE04EC0-301F-11D3-BF4B-00C04F79EFBC}") = "tdd", "tdd\tdd.csproj", "{9D3AF52F-2DCB-489A-BFEC-077CBAF3311F}"
EndProject
Global
	GlobalSection(SolutionConfigurationPlatforms) = preSolution
		Debug|Any CPU = Debug|Any CPU
		Release|Any CPU = Release|Any CPU
	EndGlobalSection
	GlobalSection(ProjectConfigurationPlatforms) = postSolution
		{995B8A07-730E-42F7-A3C4-A15C8FA27896}.Debug|Any CPU.ActiveCfg = Debug|Any CPU
		{995B8A07-730E-42F7-A3C4-A15C8FA27896}.Debug|Any CPU.Build.0 = Debug|Any CPU
		{995B8A07-730E-42F7-A3C4-A15C8FA27896}.Release|Any CPU.ActiveCfg = Release|Any CPU
		{995B8A07-730E-42F7-A3C4-A15C8FA27896}.Release|Any CPU.Build.0 = Release|Any CPU
		{9D3AF52F-2DCB-489A-BFEC-077CBAF3311F}.Debug|Any CPU.ActiveCfg = Debug|Any CPU
		{9D3AF52F-2DCB-489A-BFEC-077CBAF3311F}.Debug|Any CPU.Build.0 = Debug|Any CPU
		{9D3AF52F-2DCB-489A-BFEC-077CBAF3311F}.Release|Any CPU.ActiveCfg = Release|Any CPU
		{9D3AF52F-2DCB-489A-BFEC-077CBAF3311F}.Release|Any CPU.Build.0 = Release|Any CPU
	EndGlobalSection
	GlobalSection(SolutionProperties) = preSolution
		HideSolutionNode = FALSE
	EndGlobalSection
	GlobalSection(ExtensibilityGlobals) = postSolution
		SolutionGuid = {3038BA23-1C53-4036-8B07-D3979FFD850B}
	EndGlobalSection
EndGlobal
